
Microsoft Visual Studio Solution File, Format Version 12.00
# Visual Studio Version 16
VisualStudioVersion = 16.0.29609.76
MinimumVisualStudioVersion = 10.0.40219.1
Project("{FAE04EC0-301F-11D3-BF4B-00C04F79EFBC}") = "WPSTest", "WPSTest\WPSTest.csproj", "{AC4804E6-FDF4-48B7-9126-AD3886BED55F}"
EndProject
Global
	GlobalSection(SolutionConfigurationPlatforms) = preSolution
		Debug|Any CPU = Debug|Any CPU
		Release|Any CPU = Release|Any CPU
	EndGlobalSection
	GlobalSection(ProjectConfigurationPlatforms) = postSolution
		{AC4804E6-FDF4-48B7-9126-AD3886BED55F}.Debug|Any CPU.ActiveCfg = Debug|Any CPU
		{AC4804E6-FDF4-48B7-9126-AD3886BED55F}.Debug|Any CPU.Build.0 = Debug|Any CPU
		{AC4804E6-FDF4-48B7-9126-AD3886BED55F}.Release|Any CPU.ActiveCfg = Release|Any CPU
		{AC4804E6-FDF4-48B7-9126-AD3886BED55F}.Release|Any CPU.Build.0 = Release|Any CPU
	EndGlobalSection
	GlobalSection(SolutionProperties) = preSolution
		HideSolutionNode = FALSE
	EndGlobalSection
	GlobalSection(ExtensibilityGlobals) = postSolution
		SolutionGuid = {80923A3D-D96E-4D11-A66E-C8C329DDFB7D}
	EndGlobalSection
EndGlobal
